
Microsoft Visual Studio Solution File, Format Version 12.00
# Visual Studio 15
VisualStudioVersion = 15.0.26124.0
MinimumVisualStudioVersion = 15.0.26124.0
Project("{2150E333-8FDC-42A3-9474-1A3956D46DE8}") = "src", "src", "{1C464A1C-3927-4E1D-9814-B95EDA00AAB1}"
EndProject
Project("{FAE04EC0-301F-11D3-BF4B-00C04F79EFBC}") = "Mediator.AspNetCore.DependencyInjection.Extensions", "src\Mediator.AspNetCore.DependencyInjection.Extensions\Mediator.AspNetCore.DependencyInjection.Extensions.csproj", "{C668A463-3C8F-40C0-BB47-29C2117D56D6}"
EndProject
Project("{FAE04EC0-301F-11D3-BF4B-00C04F79EFBC}") = "Mediator", "src\Mediator\Mediator.csproj", "{C6E0D424-F1E4-4C39-B12B-11267362BDFE}"
EndProject
Global
	GlobalSection(SolutionConfigurationPlatforms) = preSolution
		Debug|Any CPU = Debug|Any CPU
		Debug|x64 = Debug|x64
		Debug|x86 = Debug|x86
		Release|Any CPU = Release|Any CPU
		Release|x64 = Release|x64
		Release|x86 = Release|x86
	EndGlobalSection
	GlobalSection(SolutionProperties) = preSolution
		HideSolutionNode = FALSE
	EndGlobalSection
	GlobalSection(ProjectConfigurationPlatforms) = postSolution
		{C668A463-3C8F-40C0-BB47-29C2117D56D6}.Debug|Any CPU.ActiveCfg = Debug|Any CPU
		{C668A463-3C8F-40C0-BB47-29C2117D56D6}.Debug|Any CPU.Build.0 = Debug|Any CPU
		{C668A463-3C8F-40C0-BB47-29C2117D56D6}.Debug|x64.ActiveCfg = Debug|Any CPU
		{C668A463-3C8F-40C0-BB47-29C2117D56D6}.Debug|x64.Build.0 = Debug|Any CPU
		{C668A463-3C8F-40C0-BB47-29C2117D56D6}.Debug|x86.ActiveCfg = Debug|Any CPU
		{C668A463-3C8F-40C0-BB47-29C2117D56D6}.Debug|x86.Build.0 = Debug|Any CPU
		{C668A463-3C8F-40C0-BB47-29C2117D56D6}.Release|Any CPU.ActiveCfg = Release|Any CPU
		{C668A463-3C8F-40C0-BB47-29C2117D56D6}.Release|Any CPU.Build.0 = Release|Any CPU
		{C668A463-3C8F-40C0-BB47-29C2117D56D6}.Release|x64.ActiveCfg = Release|Any CPU
		{C668A463-3C8F-40C0-BB47-29C2117D56D6}.Release|x64.Build.0 = Release|Any CPU
		{C668A463-3C8F-40C0-BB47-29C2117D56D6}.Release|x86.ActiveCfg = Release|Any CPU
		{C668A463-3C8F-40C0-BB47-29C2117D56D6}.Release|x86.Build.0 = Release|Any CPU
		{C6E0D424-F1E4-4C39-B12B-11267362BDFE}.Debug|Any CPU.ActiveCfg = Debug|Any CPU
		{C6E0D424-F1E4-4C39-B12B-11267362BDFE}.Debug|Any CPU.Build.0 = Debug|Any CPU
		{C6E0D424-F1E4-4C39-B12B-11267362BDFE}.Debug|x64.ActiveCfg = Debug|Any CPU
		{C6E0D424-F1E4-4C39-B12B-11267362BDFE}.Debug|x64.Build.0 = Debug|Any CPU
		{C6E0D424-F1E4-4C39-B12B-11267362BDFE}.Debug|x86.ActiveCfg = Debug|Any CPU
		{C6E0D424-F1E4-4C39-B12B-11267362BDFE}.Debug|x86.Build.0 = Debug|Any CPU
		{C6E0D424-F1E4-4C39-B12B-11267362BDFE}.Release|Any CPU.ActiveCfg = Release|Any CPU
		{C6E0D424-F1E4-4C39-B12B-11267362BDFE}.Release|Any CPU.Build.0 = Release|Any CPU
		{C6E0D424-F1E4-4C39-B12B-11267362BDFE}.Release|x64.ActiveCfg = Release|Any CPU
		{C6E0D424-F1E4-4C39-B12B-11267362BDFE}.Release|x64.Build.0 = Release|Any CPU
		{C6E0D424-F1E4-4C39-B12B-11267362BDFE}.Release|x86.ActiveCfg = Release|Any CPU
		{C6E0D424-F1E4-4C39-B12B-11267362BDFE}.Release|x86.Build.0 = Release|Any CPU
	EndGlobalSection
	GlobalSection(NestedProjects) = preSolution
		{C668A463-3C8F-40C0-BB47-29C2117D56D6} = {1C464A1C-3927-4E1D-9814-B95EDA00AAB1}
		{C6E0D424-F1E4-4C39-B12B-11267362BDFE} = {1C464A1C-3927-4E1D-9814-B95EDA00AAB1}
	EndGlobalSection
EndGlobal
